
Microsoft Visual Studio Solution File, Format Version 12.00
# Visual Studio Version 16
VisualStudioVersion = 16.0.32106.194
MinimumVisualStudioVersion = 10.0.40219.1
Project("{9A19103F-16F7-4668-BE54-9A1E7A4F7556}") = "LegendOfZelda", "LegendOfZelda\LegendOfZelda.csproj", "{EE4213AE-BAFE-47A7-BC2C-340C84F80447}"
EndProject
Global
	GlobalSection(SolutionConfigurationPlatforms) = preSolution
		Debug|Any CPU = Debug|Any CPU
		Debug|ARM = Debug|ARM
		Debug|ARM64 = Debug|ARM64
		Debug|x64 = Debug|x64
		Debug|x86 = Debug|x86
		Release|Any CPU = Release|Any CPU
		Release|ARM = Release|ARM
		Release|ARM64 = Release|ARM64
		Release|x64 = Release|x64
		Release|x86 = Release|x86
	EndGlobalSection
	GlobalSection(ProjectConfigurationPlatforms) = postSolution
		{EE4213AE-BAFE-47A7-BC2C-340C84F80447}.Debug|Any CPU.ActiveCfg = Debug|Any CPU
		{EE4213AE-BAFE-47A7-BC2C-340C84F80447}.Debug|Any CPU.Build.0 = Debug|Any CPU
		{EE4213AE-BAFE-47A7-BC2C-340C84F80447}.Debug|ARM.ActiveCfg = Debug|Any CPU
		{EE4213AE-BAFE-47A7-BC2C-340C84F80447}.Debug|ARM.Build.0 = Debug|Any CPU
		{EE4213AE-BAFE-47A7-BC2C-340C84F80447}.Debug|ARM64.ActiveCfg = Debug|Any CPU
		{EE4213AE-BAFE-47A7-BC2C-340C84F80447}.Debug|ARM64.Build.0 = Debug|Any CPU
		{EE4213AE-BAFE-47A7-BC2C-340C84F80447}.Debug|x64.ActiveCfg = Debug|Any CPU
		{EE4213AE-BAFE-47A7-BC2C-340C84F80447}.Debug|x64.Build.0 = Debug|Any CPU
		{EE4213AE-BAFE-47A7-BC2C-340C84F80447}.Debug|x86.ActiveCfg = Debug|Any CPU
		{EE4213AE-BAFE-47A7-BC2C-340C84F80447}.Debug|x86.Build.0 = Debug|Any CPU
		{EE4213AE-BAFE-47A7-BC2C-340C84F80447}.Release|Any CPU.ActiveCfg = Release|Any CPU
		{EE4213AE-BAFE-47A7-BC2C-340C84F80447}.Release|Any CPU.Build.0 = Release|Any CPU
		{EE4213AE-BAFE-47A7-BC2C-340C84F80447}.Release|ARM.ActiveCfg = Release|Any CPU
		{EE4213AE-BAFE-47A7-BC2C-340C84F80447}.Release|ARM.Build.0 = Release|Any CPU
		{EE4213AE-BAFE-47A7-BC2C-340C84F80447}.Release|ARM64.ActiveCfg = Release|Any CPU
		{EE4213AE-BAFE-47A7-BC2C-340C84F80447}.Release|ARM64.Build.0 = Release|Any CPU
		{EE4213AE-BAFE-47A7-BC2C-340C84F80447}.Release|x64.ActiveCfg = Release|Any CPU
		{EE4213AE-BAFE-47A7-BC2C-340C84F80447}.Release|x64.Build.0 = Release|Any CPU
		{EE4213AE-BAFE-47A7-BC2C-340C84F80447}.Release|x86.ActiveCfg = Release|Any CPU
		{EE4213AE-BAFE-47A7-BC2C-340C84F80447}.Release|x86.Build.0 = Release|Any CPU
	EndGlobalSection
	GlobalSection(SolutionProperties) = preSolution
		HideSolutionNode = FALSE
	EndGlobalSection
	GlobalSection(ExtensibilityGlobals) = postSolution
		SolutionGuid = {458CA16D-B013-4C9E-ADE9-ADAEB0C9C2C2}
	EndGlobalSection
EndGlobal
